
Microsoft Visual Studio Solution File, Format Version 12.00
# Visual Studio 15
VisualStudioVersion = 15.0.28307.421
MinimumVisualStudioVersion = 10.0.40219.1
Project("{FAE04EC0-301F-11D3-BF4B-00C04F79EFBC}") = "GraMonolitycznie", "GraMonolitycznie\GraMonolitycznie.csproj", "{16816C26-4A76-4EEB-AC25-B34AA4B8BFBD}"
EndProject
Project("{FAE04EC0-301F-11D3-BF4B-00C04F79EFBC}") = "GraProceduralnie", "GraProceduralnie\GraProceduralnie.csproj", "{11400604-4593-4A6B-9488-6E56D7AF3703}"
EndProject
Project("{9A19103F-16F7-4668-BE54-9A1E7A4F7556}") = "ModelGry", "ModelGry\ModelGry.csproj", "{3B18A9FC-974F-4E78-9D5C-3655F94DEB9F}"
EndProject
Project("{FAE04EC0-301F-11D3-BF4B-00C04F79EFBC}") = "UnitTestProjectModelGry", "UnitTestProjectModelGry\UnitTestProjectModelGry.csproj", "{CB1DF023-7F17-4535-8547-E0F8F4B8FF94}"
EndProject
Project("{FAE04EC0-301F-11D3-BF4B-00C04F79EFBC}") = "GraGUI", "GraGUI\GraGUI.csproj", "{145BCBB9-DD46-4C80-854A-6C7D53E025FE}"
EndProject
Global
	GlobalSection(SolutionConfigurationPlatforms) = preSolution
		Debug|Any CPU = Debug|Any CPU
		Release|Any CPU = Release|Any CPU
	EndGlobalSection
	GlobalSection(ProjectConfigurationPlatforms) = postSolution
		{16816C26-4A76-4EEB-AC25-B34AA4B8BFBD}.Debug|Any CPU.ActiveCfg = Debug|Any CPU
		{16816C26-4A76-4EEB-AC25-B34AA4B8BFBD}.Debug|Any CPU.Build.0 = Debug|Any CPU
		{16816C26-4A76-4EEB-AC25-B34AA4B8BFBD}.Release|Any CPU.ActiveCfg = Release|Any CPU
		{16816C26-4A76-4EEB-AC25-B34AA4B8BFBD}.Release|Any CPU.Build.0 = Release|Any CPU
		{11400604-4593-4A6B-9488-6E56D7AF3703}.Debug|Any CPU.ActiveCfg = Debug|Any CPU
		{11400604-4593-4A6B-9488-6E56D7AF3703}.Debug|Any CPU.Build.0 = Debug|Any CPU
		{11400604-4593-4A6B-9488-6E56D7AF3703}.Release|Any CPU.ActiveCfg = Release|Any CPU
		{11400604-4593-4A6B-9488-6E56D7AF3703}.Release|Any CPU.Build.0 = Release|Any CPU
		{3B18A9FC-974F-4E78-9D5C-3655F94DEB9F}.Debug|Any CPU.ActiveCfg = Debug|Any CPU
		{3B18A9FC-974F-4E78-9D5C-3655F94DEB9F}.Debug|Any CPU.Build.0 = Debug|Any CPU
		{3B18A9FC-974F-4E78-9D5C-3655F94DEB9F}.Release|Any CPU.ActiveCfg = Release|Any CPU
		{3B18A9FC-974F-4E78-9D5C-3655F94DEB9F}.Release|Any CPU.Build.0 = Release|Any CPU
		{CB1DF023-7F17-4535-8547-E0F8F4B8FF94}.Debug|Any CPU.ActiveCfg = Debug|Any CPU
		{CB1DF023-7F17-4535-8547-E0F8F4B8FF94}.Debug|Any CPU.Build.0 = Debug|Any CPU
		{CB1DF023-7F17-4535-8547-E0F8F4B8FF94}.Release|Any CPU.ActiveCfg = Release|Any CPU
		{CB1DF023-7F17-4535-8547-E0F8F4B8FF94}.Release|Any CPU.Build.0 = Release|Any CPU
		{145BCBB9-DD46-4C80-854A-6C7D53E025FE}.Debug|Any CPU.ActiveCfg = Debug|Any CPU
		{145BCBB9-DD46-4C80-854A-6C7D53E025FE}.Debug|Any CPU.Build.0 = Debug|Any CPU
		{145BCBB9-DD46-4C80-854A-6C7D53E025FE}.Release|Any CPU.ActiveCfg = Release|Any CPU
		{145BCBB9-DD46-4C80-854A-6C7D53E025FE}.Release|Any CPU.Build.0 = Release|Any CPU
	EndGlobalSection
	GlobalSection(SolutionProperties) = preSolution
		HideSolutionNode = FALSE
	EndGlobalSection
	GlobalSection(ExtensibilityGlobals) = postSolution
		SolutionGuid = {68453149-5BF8-4DA0-BDCC-F2EC6A03E146}
	EndGlobalSection
EndGlobal
